// !$*UTF8*$!
{
	archiveVersion = 1;
	classes = {
	};
	objectVersion = 50;
	objects = {

/* Begin PBXBuildFile section */
		6341931225308521004C6BD9 /* AppDelegate.swift in Sources */ = {isa = PBXBuildFile; fileRef = 6341931125308521004C6BD9 /* AppDelegate.swift */; };
		6341931425308521004C6BD9 /* SceneDelegate.swift in Sources */ = {isa = PBXBuildFile; fileRef = 6341931325308521004C6BD9 /* SceneDelegate.swift */; };
		6341931625308521004C6BD9 /* PokedexCollectionViewController.swift in Sources */ = {isa = PBXBuildFile; fileRef = 6341931525308521004C6BD9 /* PokedexCollectionViewController.swift */; };
		6341931B25308522004C6BD9 /* Assets.xcassets in Resources */ = {isa = PBXBuildFile; fileRef = 6341931A25308522004C6BD9 /* Assets.xcassets */; };
		6341931E25308522004C6BD9 /* LaunchScreen.storyboard in Resources */ = {isa = PBXBuildFile; fileRef = 6341931C25308522004C6BD9 /* LaunchScreen.storyboard */; };
		6341933125308628004C6BD9 /* RootCoordinator.swift in Sources */ = {isa = PBXBuildFile; fileRef = 6341933025308628004C6BD9 /* RootCoordinator.swift */; };
		634193352530867E004C6BD9 /* AbstractCoordinator.swift in Sources */ = {isa = PBXBuildFile; fileRef = 634193342530867E004C6BD9 /* AbstractCoordinator.swift */; };
		63419338253086EA004C6BD9 /* PokedexCoordinator.swift in Sources */ = {isa = PBXBuildFile; fileRef = 63419337253086EA004C6BD9 /* PokedexCoordinator.swift */; };
		6341933C253088AE004C6BD9 /* DependencyFactory.swift in Sources */ = {isa = PBXBuildFile; fileRef = 6341933B253088AE004C6BD9 /* DependencyFactory.swift */; };
		63419341253089F9004C6BD9 /* HTTPManager.swift in Sources */ = {isa = PBXBuildFile; fileRef = 63419340253089F9004C6BD9 /* HTTPManager.swift */; };
		6341934725308C99004C6BD9 /* PokedexViewModel.swift in Sources */ = {isa = PBXBuildFile; fileRef = 6341934625308C99004C6BD9 /* PokedexViewModel.swift */; };
		6341934C25308D05004C6BD9 /* Pokemon.swift in Sources */ = {isa = PBXBuildFile; fileRef = 6341934B25308D05004C6BD9 /* Pokemon.swift */; };
		6341935125308ECA004C6BD9 /* PokedexCollectionViewCell.swift in Sources */ = {isa = PBXBuildFile; fileRef = 6341935025308ECA004C6BD9 /* PokedexCollectionViewCell.swift */; };
		6341935825309009004C6BD9 /* ReuseIdentifiable.swift in Sources */ = {isa = PBXBuildFile; fileRef = 6341935725309009004C6BD9 /* ReuseIdentifiable.swift */; };
		6341935D2530943F004C6BD9 /* PokedexCollectionView.swift in Sources */ = {isa = PBXBuildFile; fileRef = 6341935C2530943F004C6BD9 /* PokedexCollectionView.swift */; };
/* End PBXBuildFile section */

/* Begin PBXFileReference section */
		6341930E25308521004C6BD9 /* Pokedex-MVVM-C.app */ = {isa = PBXFileReference; explicitFileType = wrapper.application; includeInIndex = 0; path = "Pokedex-MVVM-C.app"; sourceTree = BUILT_PRODUCTS_DIR; };
		6341931125308521004C6BD9 /* AppDelegate.swift */ = {isa = PBXFileReference; lastKnownFileType = sourcecode.swift; path = AppDelegate.swift; sourceTree = "<group>"; };
		6341931325308521004C6BD9 /* SceneDelegate.swift */ = {isa = PBXFileReference; lastKnownFileType = sourcecode.swift; path = SceneDelegate.swift; sourceTree = "<group>"; };
		6341931525308521004C6BD9 /* PokedexCollectionViewController.swift */ = {isa = PBXFileReference; lastKnownFileType = sourcecode.swift; path = PokedexCollectionViewController.swift; sourceTree = "<group>"; };
		6341931A25308522004C6BD9 /* Assets.xcassets */ = {isa = PBXFileReference; lastKnownFileType = folder.assetcatalog; path = Assets.xcassets; sourceTree = "<group>"; };
		6341931D25308522004C6BD9 /* Base */ = {isa = PBXFileReference; lastKnownFileType = file.storyboard; name = Base; path = Base.lproj/LaunchScreen.storyboard; sourceTree = "<group>"; };
		6341931F25308522004C6BD9 /* Info.plist */ = {isa = PBXFileReference; lastKnownFileType = text.plist.xml; path = Info.plist; sourceTree = "<group>"; };
		6341933025308628004C6BD9 /* RootCoordinator.swift */ = {isa = PBXFileReference; lastKnownFileType = sourcecode.swift; path = RootCoordinator.swift; sourceTree = "<group>"; };
		634193342530867E004C6BD9 /* AbstractCoordinator.swift */ = {isa = PBXFileReference; lastKnownFileType = sourcecode.swift; path = AbstractCoordinator.swift; sourceTree = "<group>"; };
		63419337253086EA004C6BD9 /* PokedexCoordinator.swift */ = {isa = PBXFileReference; lastKnownFileType = sourcecode.swift; path = PokedexCoordinator.swift; sourceTree = "<group>"; };
		6341933B253088AE004C6BD9 /* DependencyFactory.swift */ = {isa = PBXFileReference; lastKnownFileType = sourcecode.swift; path = DependencyFactory.swift; sourceTree = "<group>"; };
		63419340253089F9004C6BD9 /* HTTPManager.swift */ = {isa = PBXFileReference; lastKnownFileType = sourcecode.swift; path = HTTPManager.swift; sourceTree = "<group>"; };
		6341934625308C99004C6BD9 /* PokedexViewModel.swift */ = {isa = PBXFileReference; lastKnownFileType = sourcecode.swift; path = PokedexViewModel.swift; sourceTree = "<group>"; };
		6341934B25308D05004C6BD9 /* Pokemon.swift */ = {isa = PBXFileReference; lastKnownFileType = sourcecode.swift; path = Pokemon.swift; sourceTree = "<group>"; };
		6341935025308ECA004C6BD9 /* PokedexCollectionViewCell.swift */ = {isa = PBXFileReference; lastKnownFileType = sourcecode.swift; path = PokedexCollectionViewCell.swift; sourceTree = "<group>"; };
		6341935725309009004C6BD9 /* ReuseIdentifiable.swift */ = {isa = PBXFileReference; lastKnownFileType = sourcecode.swift; path = ReuseIdentifiable.swift; sourceTree = "<group>"; };
		6341935C2530943F004C6BD9 /* PokedexCollectionView.swift */ = {isa = PBXFileReference; lastKnownFileType = sourcecode.swift; path = PokedexCollectionView.swift; sourceTree = "<group>"; };
/* End PBXFileReference section */

/* Begin PBXFrameworksBuildPhase section */
		6341930B25308521004C6BD9 /* Frameworks */ = {
			isa = PBXFrameworksBuildPhase;
			buildActionMask = 2147483647;
			files = (
			);
			runOnlyForDeploymentPostprocessing = 0;
		};
/* End PBXFrameworksBuildPhase section */

/* Begin PBXGroup section */
		6341930525308521004C6BD9 = {
			isa = PBXGroup;
			children = (
				6341931025308521004C6BD9 /* Pokedex-MVVM-C */,
				6341930F25308521004C6BD9 /* Products */,
			);
			sourceTree = "<group>";
		};
		6341930F25308521004C6BD9 /* Products */ = {
			isa = PBXGroup;
			children = (
				6341930E25308521004C6BD9 /* Pokedex-MVVM-C.app */,
			);
			name = Products;
			sourceTree = "<group>";
		};
		6341931025308521004C6BD9 /* Pokedex-MVVM-C */ = {
			isa = PBXGroup;
			children = (
				6341934A25308CF6004C6BD9 /* Model */,
				6341932925308584004C6BD9 /* View */,
				6341934425308C81004C6BD9 /* View Models */,
				6341932D253085D2004C6BD9 /* Controller */,
				6341933F253089E2004C6BD9 /* Dependencies */,
				6341933A2530889C004C6BD9 /* Factory */,
				6341932E25308609004C6BD9 /* Coordinator */,
				6341932625308561004C6BD9 /* Support */,
			);
			path = "Pokedex-MVVM-C";
			sourceTree = "<group>";
		};
		6341932625308561004C6BD9 /* Support */ = {
			isa = PBXGroup;
			children = (
				6341935625308FFA004C6BD9 /* Protocols */,
				6341932725308568004C6BD9 /* App Lifecycle */,
				6341931A25308522004C6BD9 /* Assets.xcassets */,
				6341931F25308522004C6BD9 /* Info.plist */,
			);
			path = Support;
			sourceTree = "<group>";
		};
		6341932725308568004C6BD9 /* App Lifecycle */ = {
			isa = PBXGroup;
			children = (
				6341931125308521004C6BD9 /* AppDelegate.swift */,
				6341931325308521004C6BD9 /* SceneDelegate.swift */,
			);
			path = "App Lifecycle";
			sourceTree = "<group>";
		};
		6341932925308584004C6BD9 /* View */ = {
			isa = PBXGroup;
			children = (
				6341935B2530942B004C6BD9 /* Pokedex */,
				6341934F25308EB9004C6BD9 /* Cells */,
				6341932A2530858B004C6BD9 /* Storyboards */,
			);
			path = View;
			sourceTree = "<group>";
		};
		6341932A2530858B004C6BD9 /* Storyboards */ = {
			isa = PBXGroup;
			children = (
				6341931C25308522004C6BD9 /* LaunchScreen.storyboard */,
			);
			path = Storyboards;
			sourceTree = "<group>";
		};
		6341932D253085D2004C6BD9 /* Controller */ = {
			isa = PBXGroup;
			children = (
				6341931525308521004C6BD9 /* PokedexCollectionViewController.swift */,
			);
			path = Controller;
			sourceTree = "<group>";
		};
		6341932E25308609004C6BD9 /* Coordinator */ = {
			isa = PBXGroup;
			children = (
				6341932F25308615004C6BD9 /* Protocol */,
				63419337253086EA004C6BD9 /* PokedexCoordinator.swift */,
			);
			path = Coordinator;
			sourceTree = "<group>";
		};
		6341932F25308615004C6BD9 /* Protocol */ = {
			isa = PBXGroup;
			children = (
				6341933025308628004C6BD9 /* RootCoordinator.swift */,
				634193342530867E004C6BD9 /* AbstractCoordinator.swift */,
			);
			path = Protocol;
			sourceTree = "<group>";
		};
		6341933A2530889C004C6BD9 /* Factory */ = {
			isa = PBXGroup;
			children = (
				6341933B253088AE004C6BD9 /* DependencyFactory.swift */,
			);
			path = Factory;
			sourceTree = "<group>";
		};
		6341933F253089E2004C6BD9 /* Dependencies */ = {
			isa = PBXGroup;
			children = (
				63419340253089F9004C6BD9 /* HTTPManager.swift */,
			);
			path = Dependencies;
			sourceTree = "<group>";
		};
		6341934425308C81004C6BD9 /* View Models */ = {
			isa = PBXGroup;
			children = (
				6341934525308C89004C6BD9 /* Pokedex */,
			);
			path = "View Models";
			sourceTree = "<group>";
		};
		6341934525308C89004C6BD9 /* Pokedex */ = {
			isa = PBXGroup;
			children = (
				6341934625308C99004C6BD9 /* PokedexViewModel.swift */,
			);
			path = Pokedex;
			sourceTree = "<group>";
		};
		6341934A25308CF6004C6BD9 /* Model */ = {
			isa = PBXGroup;
			children = (
				6341934B25308D05004C6BD9 /* Pokemon.swift */,
			);
			path = Model;
			sourceTree = "<group>";
		};
		6341934F25308EB9004C6BD9 /* Cells */ = {
			isa = PBXGroup;
			children = (
				6341935025308ECA004C6BD9 /* PokedexCollectionViewCell.swift */,
			);
			path = Cells;
			sourceTree = "<group>";
		};
		6341935625308FFA004C6BD9 /* Protocols */ = {
			isa = PBXGroup;
			children = (
				6341935725309009004C6BD9 /* ReuseIdentifiable.swift */,
			);
			path = Protocols;
			sourceTree = "<group>";
		};
		6341935B2530942B004C6BD9 /* Pokedex */ = {
			isa = PBXGroup;
			children = (
				6341935C2530943F004C6BD9 /* PokedexCollectionView.swift */,
			);
			path = Pokedex;
			sourceTree = "<group>";
		};
/* End PBXGroup section */

/* Begin PBXNativeTarget section */
		6341930D25308521004C6BD9 /* Pokedex-MVVM-C */ = {
			isa = PBXNativeTarget;
			buildConfigurationList = 6341932225308522004C6BD9 /* Build configuration list for PBXNativeTarget "Pokedex-MVVM-C" */;
			buildPhases = (
				6341930A25308521004C6BD9 /* Sources */,
				6341930B25308521004C6BD9 /* Frameworks */,
				6341930C25308521004C6BD9 /* Resources */,
			);
			buildRules = (
			);
			dependencies = (
			);
			name = "Pokedex-MVVM-C";
			productName = "Pokedex-MVVM-C";
			productReference = 6341930E25308521004C6BD9 /* Pokedex-MVVM-C.app */;
			productType = "com.apple.product-type.application";
		};
/* End PBXNativeTarget section */

/* Begin PBXProject section */
		6341930625308521004C6BD9 /* Project object */ = {
			isa = PBXProject;
			attributes = {
				LastSwiftUpdateCheck = 1200;
				LastUpgradeCheck = 1200;
				TargetAttributes = {
					6341930D25308521004C6BD9 = {
						CreatedOnToolsVersion = 12.0;
					};
				};
			};
			buildConfigurationList = 6341930925308521004C6BD9 /* Build configuration list for PBXProject "Pokedex-MVVM-C" */;
			compatibilityVersion = "Xcode 9.3";
			developmentRegion = en;
			hasScannedForEncodings = 0;
			knownRegions = (
				en,
				Base,
			);
			mainGroup = 6341930525308521004C6BD9;
			productRefGroup = 6341930F25308521004C6BD9 /* Products */;
			projectDirPath = "";
			projectRoot = "";
			targets = (
				6341930D25308521004C6BD9 /* Pokedex-MVVM-C */,
			);
		};
/* End PBXProject section */

/* Begin PBXResourcesBuildPhase section */
		6341930C25308521004C6BD9 /* Resources */ = {
			isa = PBXResourcesBuildPhase;
			buildActionMask = 2147483647;
			files = (
				6341931E25308522004C6BD9 /* LaunchScreen.storyboard in Resources */,
				6341931B25308522004C6BD9 /* Assets.xcassets in Resources */,
			);
			runOnlyForDeploymentPostprocessing = 0;
		};
/* End PBXResourcesBuildPhase section */

/* Begin PBXSourcesBuildPhase section */
		6341930A25308521004C6BD9 /* Sources */ = {
			isa = PBXSourcesBuildPhase;
			buildActionMask = 2147483647;
			files = (
				634193352530867E004C6BD9 /* AbstractCoordinator.swift in Sources */,
				6341933125308628004C6BD9 /* RootCoordinator.swift in Sources */,
				6341931625308521004C6BD9 /* PokedexCollectionViewController.swift in Sources */,
				6341934725308C99004C6BD9 /* PokedexViewModel.swift in Sources */,
				6341935D2530943F004C6BD9 /* PokedexCollectionView.swift in Sources */,
				63419338253086EA004C6BD9 /* PokedexCoordinator.swift in Sources */,
				6341935125308ECA004C6BD9 /* PokedexCollectionViewCell.swift in Sources */,
				6341934C25308D05004C6BD9 /* Pokemon.swift in Sources */,
				6341931225308521004C6BD9 /* AppDelegate.swift in Sources */,
				6341933C253088AE004C6BD9 /* DependencyFactory.swift in Sources */,
				6341931425308521004C6BD9 /* SceneDelegate.swift in Sources */,
				6341935825309009004C6BD9 /* ReuseIdentifiable.swift in Sources */,
				63419341253089F9004C6BD9 /* HTTPManager.swift in Sources */,
			);
			runOnlyForDeploymentPostprocessing = 0;
		};
/* End PBXSourcesBuildPhase section */

/* Begin PBXVariantGroup section */
		6341931C25308522004C6BD9 /* LaunchScreen.storyboard */ = {
			isa = PBXVariantGroup;
			children = (
				6341931D25308522004C6BD9 /* Base */,
			);
			name = LaunchScreen.storyboard;
			sourceTree = "<group>";
		};
/* End PBXVariantGroup section */

/* Begin XCBuildConfiguration section */
		6341932025308522004C6BD9 /* Debug */ = {
			isa = XCBuildConfiguration;
			buildSettings = {
				ALWAYS_SEARCH_USER_PATHS = NO;
				CLANG_ANALYZER_NONNULL = YES;
				CLANG_ANALYZER_NUMBER_OBJECT_CONVERSION = YES_AGGRESSIVE;
				CLANG_CXX_LANGUAGE_STANDARD = "gnu++14";
				CLANG_CXX_LIBRARY = "libc++";
				CLANG_ENABLE_MODULES = YES;
				CLANG_ENABLE_OBJC_ARC = YES;
				CLANG_ENABLE_OBJC_WEAK = YES;
				CLANG_WARN_BLOCK_CAPTURE_AUTORELEASING = YES;
				CLANG_WARN_BOOL_CONVERSION = YES;
				CLANG_WARN_COMMA = YES;
				CLANG_WARN_CONSTANT_CONVERSION = YES;
				CLANG_WARN_DEPRECATED_OBJC_IMPLEMENTATIONS = YES;
				CLANG_WARN_DIRECT_OBJC_ISA_USAGE = YES_ERROR;
				CLANG_WARN_DOCUMENTATION_COMMENTS = YES;
				CLANG_WARN_EMPTY_BODY = YES;
				CLANG_WARN_ENUM_CONVERSION = YES;
				CLANG_WARN_INFINITE_RECURSION = YES;
				CLANG_WARN_INT_CONVERSION = YES;
				CLANG_WARN_NON_LITERAL_NULL_CONVERSION = YES;
				CLANG_WARN_OBJC_IMPLICIT_RETAIN_SELF = YES;
				CLANG_WARN_OBJC_LITERAL_CONVERSION = YES;
				CLANG_WARN_OBJC_ROOT_CLASS = YES_ERROR;
				CLANG_WARN_QUOTED_INCLUDE_IN_FRAMEWORK_HEADER = YES;
				CLANG_WARN_RANGE_LOOP_ANALYSIS = YES;
				CLANG_WARN_STRICT_PROTOTYPES = YES;
				CLANG_WARN_SUSPICIOUS_MOVE = YES;
				CLANG_WARN_UNGUARDED_AVAILABILITY = YES_AGGRESSIVE;
				CLANG_WARN_UNREACHABLE_CODE = YES;
				CLANG_WARN__DUPLICATE_METHOD_MATCH = YES;
				COPY_PHASE_STRIP = NO;
				DEBUG_INFORMATION_FORMAT = dwarf;
				ENABLE_STRICT_OBJC_MSGSEND = YES;
				ENABLE_TESTABILITY = YES;
				GCC_C_LANGUAGE_STANDARD = gnu11;
				GCC_DYNAMIC_NO_PIC = NO;
				GCC_NO_COMMON_BLOCKS = YES;
				GCC_OPTIMIZATION_LEVEL = 0;
				GCC_PREPROCESSOR_DEFINITIONS = (
					"DEBUG=1",
					"$(inherited)",
				);
				GCC_WARN_64_TO_32_BIT_CONVERSION = YES;
				GCC_WARN_ABOUT_RETURN_TYPE = YES_ERROR;
				GCC_WARN_UNDECLARED_SELECTOR = YES;
				GCC_WARN_UNINITIALIZED_AUTOS = YES_AGGRESSIVE;
				GCC_WARN_UNUSED_FUNCTION = YES;
				GCC_WARN_UNUSED_VARIABLE = YES;
				IPHONEOS_DEPLOYMENT_TARGET = 14.0;
				MTL_ENABLE_DEBUG_INFO = INCLUDE_SOURCE;
				MTL_FAST_MATH = YES;
				ONLY_ACTIVE_ARCH = YES;
				SDKROOT = iphoneos;
				SWIFT_ACTIVE_COMPILATION_CONDITIONS = DEBUG;
				SWIFT_OPTIMIZATION_LEVEL = "-Onone";
			};
			name = Debug;
		};
		6341932125308522004C6BD9 /* Release */ = {
			isa = XCBuildConfiguration;
			buildSettings = {
				ALWAYS_SEARCH_USER_PATHS = NO;
				CLANG_ANALYZER_NONNULL = YES;
				CLANG_ANALYZER_NUMBER_OBJECT_CONVERSION = YES_AGGRESSIVE;
				CLANG_CXX_LANGUAGE_STANDARD = "gnu++14";
				CLANG_CXX_LIBRARY = "libc++";
				CLANG_ENABLE_MODULES = YES;
				CLANG_ENABLE_OBJC_ARC = YES;
				CLANG_ENABLE_OBJC_WEAK = YES;
				CLANG_WARN_BLOCK_CAPTURE_AUTORELEASING = YES;
				CLANG_WARN_BOOL_CONVERSION = YES;
				CLANG_WARN_COMMA = YES;
				CLANG_WARN_CONSTANT_CONVERSION = YES;
				CLANG_WARN_DEPRECATED_OBJC_IMPLEMENTATIONS = YES;
				CLANG_WARN_DIRECT_OBJC_ISA_USAGE = YES_ERROR;
				CLANG_WARN_DOCUMENTATION_COMMENTS = YES;
				CLANG_WARN_EMPTY_BODY = YES;
				CLANG_WARN_ENUM_CONVERSION = YES;
				CLANG_WARN_INFINITE_RECURSION = YES;
				CLANG_WARN_INT_CONVERSION = YES;
				CLANG_WARN_NON_LITERAL_NULL_CONVERSION = YES;
				CLANG_WARN_OBJC_IMPLICIT_RETAIN_SELF = YES;
				CLANG_WARN_OBJC_LITERAL_CONVERSION = YES;
				CLANG_WARN_OBJC_ROOT_CLASS = YES_ERROR;
				CLANG_WARN_QUOTED_INCLUDE_IN_FRAMEWORK_HEADER = YES;
				CLANG_WARN_RANGE_LOOP_ANALYSIS = YES;
				CLANG_WARN_STRICT_PROTOTYPES = YES;
				CLANG_WARN_SUSPICIOUS_MOVE = YES;
				CLANG_WARN_UNGUARDED_AVAILABILITY = YES_AGGRESSIVE;
				CLANG_WARN_UNREACHABLE_CODE = YES;
				CLANG_WARN__DUPLICATE_METHOD_MATCH = YES;
				COPY_PHASE_STRIP = NO;
				DEBUG_INFORMATION_FORMAT = "dwarf-with-dsym";
				ENABLE_NS_ASSERTIONS = NO;
				ENABLE_STRICT_OBJC_MSGSEND = YES;
				GCC_C_LANGUAGE_STANDARD = gnu11;
				GCC_NO_COMMON_BLOCKS = YES;
				GCC_WARN_64_TO_32_BIT_CONVERSION = YES;
				GCC_WARN_ABOUT_RETURN_TYPE = YES_ERROR;
				GCC_WARN_UNDECLARED_SELECTOR = YES;
				GCC_WARN_UNINITIALIZED_AUTOS = YES_AGGRESSIVE;
				GCC_WARN_UNUSED_FUNCTION = YES;
				GCC_WARN_UNUSED_VARIABLE = YES;
				IPHONEOS_DEPLOYMENT_TARGET = 14.0;
				MTL_ENABLE_DEBUG_INFO = NO;
				MTL_FAST_MATH = YES;
				SDKROOT = iphoneos;
				SWIFT_COMPILATION_MODE = wholemodule;
				SWIFT_OPTIMIZATION_LEVEL = "-O";
				VALIDATE_PRODUCT = YES;
			};
			name = Release;
		};
		6341932325308522004C6BD9 /* Debug */ = {
			isa = XCBuildConfiguration;
			buildSettings = {
				ASSETCATALOG_COMPILER_APPICON_NAME = AppIcon;
				ASSETCATALOG_COMPILER_GLOBAL_ACCENT_COLOR_NAME = AccentColor;
				CODE_SIGN_STYLE = Automatic;
				DEVELOPMENT_TEAM = P7DFWNNEL3;
				INFOPLIST_FILE = "Pokedex-MVVM-C/Support/Info.plist";
				LD_RUNPATH_SEARCH_PATHS = (
					"$(inherited)",
					"@executable_path/Frameworks",
				);
				PRODUCT_BUNDLE_IDENTIFIER = "io.github.chadarutherford.Pokedex-MVVM-C";
				PRODUCT_NAME = "$(TARGET_NAME)";
				SWIFT_VERSION = 5.0;
				TARGETED_DEVICE_FAMILY = 1;
			};
			name = Debug;
		};
		6341932425308522004C6BD9 /* Release */ = {
			isa = XCBuildConfiguration;
			buildSettings = {
				ASSETCATALOG_COMPILER_APPICON_NAME = AppIcon;
				ASSETCATALOG_COMPILER_GLOBAL_ACCENT_COLOR_NAME = AccentColor;
				CODE_SIGN_STYLE = Automatic;
				DEVELOPMENT_TEAM = P7DFWNNEL3;
				INFOPLIST_FILE = "Pokedex-MVVM-C/Support/Info.plist";
				LD_RUNPATH_SEARCH_PATHS = (
					"$(inherited)",
					"@executable_path/Frameworks",
				);
				PRODUCT_BUNDLE_IDENTIFIER = "io.github.chadarutherford.Pokedex-MVVM-C";
				PRODUCT_NAME = "$(TARGET_NAME)";
				SWIFT_VERSION = 5.0;
				TARGETED_DEVICE_FAMILY = 1;
			};
			name = Release;
		};
/* End XCBuildConfiguration section */

/* Begin XCConfigurationList section */
		6341930925308521004C6BD9 /* Build configuration list for PBXProject "Pokedex-MVVM-C" */ = {
			isa = XCConfigurationList;
			buildConfigurations = (
				6341932025308522004C6BD9 /* Debug */,
				6341932125308522004C6BD9 /* Release */,
			);
			defaultConfigurationIsVisible = 0;
			defaultConfigurationName = Release;
		};
		6341932225308522004C6BD9 /* Build configuration list for PBXNativeTarget "Pokedex-MVVM-C" */ = {
			isa = XCConfigurationList;
			buildConfigurations = (
				6341932325308522004C6BD9 /* Debug */,
				6341932425308522004C6BD9 /* Release */,
			);
			defaultConfigurationIsVisible = 0;
			defaultConfigurationName = Release;
		};
/* End XCConfigurationList section */
	};
	rootObject = 6341930625308521004C6BD9 /* Project object */;
}
